
Microsoft Visual Studio Solution File, Format Version 12.00
# Visual Studio Version 16
VisualStudioVersion = 16.0.31129.286
MinimumVisualStudioVersion = 10.0.40219.1
Project("{9A19103F-16F7-4668-BE54-9A1E7A4F7556}") = "WinFormsApp3", "WinFormsApp3\WinFormsApp3.csproj", "{420DFD99-473B-459A-84D0-EE827F4A2B80}"
EndProject
Project("{54435603-DBB4-11D2-8724-00A0C9A8B90C}") = "Setup1", "Setup1\Setup1.vdproj", "{69377B9E-7EFA-4AC5-A8DE-E3B20C736720}"
EndProject
Global
	GlobalSection(SolutionConfigurationPlatforms) = preSolution
		Debug|Any CPU = Debug|Any CPU
		Release|Any CPU = Release|Any CPU
	EndGlobalSection
	GlobalSection(ProjectConfigurationPlatforms) = postSolution
		{420DFD99-473B-459A-84D0-EE827F4A2B80}.Debug|Any CPU.ActiveCfg = Debug|Any CPU
		{420DFD99-473B-459A-84D0-EE827F4A2B80}.Debug|Any CPU.Build.0 = Debug|Any CPU
		{420DFD99-473B-459A-84D0-EE827F4A2B80}.Release|Any CPU.ActiveCfg = Release|Any CPU
		{420DFD99-473B-459A-84D0-EE827F4A2B80}.Release|Any CPU.Build.0 = Release|Any CPU
		{69377B9E-7EFA-4AC5-A8DE-E3B20C736720}.Debug|Any CPU.ActiveCfg = Debug
		{69377B9E-7EFA-4AC5-A8DE-E3B20C736720}.Release|Any CPU.ActiveCfg = Release
	EndGlobalSection
	GlobalSection(SolutionProperties) = preSolution
		HideSolutionNode = FALSE
	EndGlobalSection
	GlobalSection(ExtensibilityGlobals) = postSolution
		SolutionGuid = {8D0569C9-401E-434B-A8D3-048D1201DE38}
	EndGlobalSection
EndGlobal
