
Microsoft Visual Studio Solution File, Format Version 12.00
# Visual Studio Version 16
VisualStudioVersion = 16.0.31129.286
MinimumVisualStudioVersion = 10.0.40219.1
Project("{9A19103F-16F7-4668-BE54-9A1E7A4F7556}") = "WinFormsApp3", "WinFormsApp3\WinFormsApp3.csproj", "{420DFD99-473B-459A-84D0-EE827F4A2B80}"
EndProject
Project("{FAE04EC0-301F-11D3-BF4B-00C04F79EFBC}") = "老数据读取器", "老数据读取器\老数据读取器.csproj", "{6B0C0A1D-E7A1-4E10-B817-471AC615C396}"
EndProject
Project("{FAE04EC0-301F-11D3-BF4B-00C04F79EFBC}") = "个人成绩单生成器", "个人成绩单生成器\个人成绩单生成器.csproj", "{B47AF336-C308-4342-9FFA-360AE4827705}"
EndProject
Global
	GlobalSection(SolutionConfigurationPlatforms) = preSolution
		Debug|Any CPU = Debug|Any CPU
		Release|Any CPU = Release|Any CPU
	EndGlobalSection
	GlobalSection(ProjectConfigurationPlatforms) = postSolution
		{420DFD99-473B-459A-84D0-EE827F4A2B80}.Debug|Any CPU.ActiveCfg = Debug|Any CPU
		{420DFD99-473B-459A-84D0-EE827F4A2B80}.Debug|Any CPU.Build.0 = Debug|Any CPU
		{420DFD99-473B-459A-84D0-EE827F4A2B80}.Release|Any CPU.ActiveCfg = Release|Any CPU
		{420DFD99-473B-459A-84D0-EE827F4A2B80}.Release|Any CPU.Build.0 = Release|Any CPU
		{6B0C0A1D-E7A1-4E10-B817-471AC615C396}.Debug|Any CPU.ActiveCfg = Debug|Any CPU
		{6B0C0A1D-E7A1-4E10-B817-471AC615C396}.Debug|Any CPU.Build.0 = Debug|Any CPU
		{6B0C0A1D-E7A1-4E10-B817-471AC615C396}.Release|Any CPU.ActiveCfg = Release|Any CPU
		{6B0C0A1D-E7A1-4E10-B817-471AC615C396}.Release|Any CPU.Build.0 = Release|Any CPU
		{B47AF336-C308-4342-9FFA-360AE4827705}.Debug|Any CPU.ActiveCfg = Debug|Any CPU
		{B47AF336-C308-4342-9FFA-360AE4827705}.Debug|Any CPU.Build.0 = Debug|Any CPU
		{B47AF336-C308-4342-9FFA-360AE4827705}.Release|Any CPU.ActiveCfg = Release|Any CPU
		{B47AF336-C308-4342-9FFA-360AE4827705}.Release|Any CPU.Build.0 = Release|Any CPU
	EndGlobalSection
	GlobalSection(SolutionProperties) = preSolution
		HideSolutionNode = FALSE
	EndGlobalSection
	GlobalSection(ExtensibilityGlobals) = postSolution
		SolutionGuid = {8D0569C9-401E-434B-A8D3-048D1201DE38}
	EndGlobalSection
EndGlobal
